
Microsoft Visual Studio Solution File, Format Version 12.00
# Visual Studio Version 17
VisualStudioVersion = 17.14.36429.23 d17.14
MinimumVisualStudioVersion = 10.0.40219.1
Project("{FAE04EC0-301F-11D3-BF4B-00C04F79EFBC}") = "ScanPermittWork", "ScanPermittWork.csproj", "{69C6EBEB-AE3D-01C4-A9B9-7DF765173DEC}"
EndProject
Global
	GlobalSection(SolutionConfigurationPlatforms) = preSolution
		Debug|Any CPU = Debug|Any CPU
		Release|Any CPU = Release|Any CPU
	EndGlobalSection
	GlobalSection(ProjectConfigurationPlatforms) = postSolution
		{69C6EBEB-AE3D-01C4-A9B9-7DF765173DEC}.Debug|Any CPU.ActiveCfg = Debug|Any CPU
		{69C6EBEB-AE3D-01C4-A9B9-7DF765173DEC}.Debug|Any CPU.Build.0 = Debug|Any CPU
		{69C6EBEB-AE3D-01C4-A9B9-7DF765173DEC}.Release|Any CPU.ActiveCfg = Release|Any CPU
		{69C6EBEB-AE3D-01C4-A9B9-7DF765173DEC}.Release|Any CPU.Build.0 = Release|Any CPU
	EndGlobalSection
	GlobalSection(SolutionProperties) = preSolution
		HideSolutionNode = FALSE
	EndGlobalSection
	GlobalSection(ExtensibilityGlobals) = postSolution
		SolutionGuid = {A48627C3-03FE-412F-97D7-AE2275D080DD}
	EndGlobalSection
EndGlobal
